
Microsoft Visual Studio Solution File, Format Version 10.00
# Visual Studio 2008
Project("{8BC9CEB8-8B4A-11D0-8D11-00A0C91BC942}") = "alac", "alac.vcproj", "{4733A8A1-D7B1-42FA-AA17-EA4128618E1E}"
EndProject
Global
	GlobalSection(SolutionConfigurationPlatforms) = preSolution
		Debug|Win32 = Debug|Win32
		Release|Win32 = Release|Win32
	EndGlobalSection
	GlobalSection(ProjectConfigurationPlatforms) = postSolution
		{4733A8A1-D7B1-42FA-AA17-EA4128618E1E}.Debug|Win32.ActiveCfg = Debug|Win32
		{4733A8A1-D7B1-42FA-AA17-EA4128618E1E}.Debug|Win32.Build.0 = Debug|Win32
		{4733A8A1-D7B1-42FA-AA17-EA4128618E1E}.Release|Win32.ActiveCfg = Release|Win32
		{4733A8A1-D7B1-42FA-AA17-EA4128618E1E}.Release|Win32.Build.0 = Release|Win32
	EndGlobalSection
	GlobalSection(SolutionProperties) = preSolution
		HideSolutionNode = FALSE
	EndGlobalSection
EndGlobal
